// !$*UTF8*$!
{
	archiveVersion = 1;
	classes = {
	};
	objectVersion = 56;
	objects = {

/* Begin PBXBuildFile section */
		361443A52A405A0700B1C67C /* ConversationsCell.swift in Sources */ = {isa = PBXBuildFile; fileRef = 361443A42A405A0700B1C67C /* ConversationsCell.swift */; };
		361443A72A405E5100B1C67C /* NewMessageView.swift in Sources */ = {isa = PBXBuildFile; fileRef = 361443A62A405E5100B1C67C /* NewMessageView.swift */; };
		361443A92A405E5C00B1C67C /* UserCell.swift in Sources */ = {isa = PBXBuildFile; fileRef = 361443A82A405E5C00B1C67C /* UserCell.swift */; };
		366639232A39D6C2005E8EFA /* SwiftUIChatTutorialApp.swift in Sources */ = {isa = PBXBuildFile; fileRef = 366639222A39D6C2005E8EFA /* SwiftUIChatTutorialApp.swift */; };
		366639252A39D6C2005E8EFA /* ContentView.swift in Sources */ = {isa = PBXBuildFile; fileRef = 366639242A39D6C2005E8EFA /* ContentView.swift */; };
		366639272A39D6C2005E8EFA /* Assets.xcassets in Resources */ = {isa = PBXBuildFile; fileRef = 366639262A39D6C2005E8EFA /* Assets.xcassets */; };
		3666392A2A39D6C2005E8EFA /* Preview Assets.xcassets in Resources */ = {isa = PBXBuildFile; fileRef = 366639292A39D6C2005E8EFA /* Preview Assets.xcassets */; };
		366639372A39D77E005E8EFA /* LoginView.swift in Sources */ = {isa = PBXBuildFile; fileRef = 366639362A39D77E005E8EFA /* LoginView.swift */; };
		366639392A39D78E005E8EFA /* RegistrationView.swift in Sources */ = {isa = PBXBuildFile; fileRef = 366639382A39D78E005E8EFA /* RegistrationView.swift */; };
		3666393B2A39E99A005E8EFA /* CustomTextField.swift in Sources */ = {isa = PBXBuildFile; fileRef = 3666393A2A39E99A005E8EFA /* CustomTextField.swift */; };
		367CED402A3AA68B00531501 /* MainTabView.swift in Sources */ = {isa = PBXBuildFile; fileRef = 367CED3F2A3AA68B00531501 /* MainTabView.swift */; };
		367CED452A3AA77900531501 /* ChannelsViews.swift in Sources */ = {isa = PBXBuildFile; fileRef = 367CED442A3AA77900531501 /* ChannelsViews.swift */; };
		367CED472A3AA78400531501 /* SettingsView.swift in Sources */ = {isa = PBXBuildFile; fileRef = 367CED462A3AA78400531501 /* SettingsView.swift */; };
		367CED492A3AA78F00531501 /* ChatsView.swift in Sources */ = {isa = PBXBuildFile; fileRef = 367CED482A3AA78F00531501 /* ChatsView.swift */; };
		367CED4C2A3ABC5700531501 /* ConversationsView.swift in Sources */ = {isa = PBXBuildFile; fileRef = 367CED4B2A3ABC5700531501 /* ConversationsView.swift */; };
		367CED4E2A3ACE2200531501 /* SettingsHeaderView.swift in Sources */ = {isa = PBXBuildFile; fileRef = 367CED4D2A3ACE2200531501 /* SettingsHeaderView.swift */; };
		367CED502A3AE3F200531501 /* SettingsCell.swift in Sources */ = {isa = PBXBuildFile; fileRef = 367CED4F2A3AE3F200531501 /* SettingsCell.swift */; };
		367CED522A3AE84A00531501 /* SettingsCellViewModel.swift in Sources */ = {isa = PBXBuildFile; fileRef = 367CED512A3AE84A00531501 /* SettingsCellViewModel.swift */; };
		367CED542A3AEE0100531501 /* EditProfileView.swift in Sources */ = {isa = PBXBuildFile; fileRef = 367CED532A3AEE0100531501 /* EditProfileView.swift */; };
		367CED562A3AF7DC00531501 /* StatusSelectorView.swift in Sources */ = {isa = PBXBuildFile; fileRef = 367CED552A3AF7DC00531501 /* StatusSelectorView.swift */; };
		367CED592A3AF8B300531501 /* AddHeaderViewModifier.swift in Sources */ = {isa = PBXBuildFile; fileRef = 367CED582A3AF8B300531501 /* AddHeaderViewModifier.swift */; };
		367CED5B2A3B02EA00531501 /* UserStatus.swift in Sources */ = {isa = PBXBuildFile; fileRef = 367CED5A2A3B02EA00531501 /* UserStatus.swift */; };
		367CED5D2A3B091F00531501 /* TitleModifier.swift in Sources */ = {isa = PBXBuildFile; fileRef = 367CED5C2A3B091F00531501 /* TitleModifier.swift */; };
		367CED5F2A3B148900531501 /* StatusCell.swift in Sources */ = {isa = PBXBuildFile; fileRef = 367CED5E2A3B148900531501 /* StatusCell.swift */; };
		367CED612A3B1ED300531501 /* ImagePicker.swift in Sources */ = {isa = PBXBuildFile; fileRef = 367CED602A3B1ED300531501 /* ImagePicker.swift */; };
		36DE465F2A417E4E00A98B38 /* SearchBar.swift in Sources */ = {isa = PBXBuildFile; fileRef = 36DE465E2A417E4E00A98B38 /* SearchBar.swift */; };
		36DE46632A41842E00A98B38 /* Extensions.swift in Sources */ = {isa = PBXBuildFile; fileRef = 36DE46622A41842E00A98B38 /* Extensions.swift */; };
		36DE46652A41852D00A98B38 /* ChatBubble.swift in Sources */ = {isa = PBXBuildFile; fileRef = 36DE46642A41852D00A98B38 /* ChatBubble.swift */; };
		36DE46672A4188BE00A98B38 /* MessageView.swift in Sources */ = {isa = PBXBuildFile; fileRef = 36DE46662A4188BE00A98B38 /* MessageView.swift */; };
		36DE46692A418FD600A98B38 /* CustomInputView.swift in Sources */ = {isa = PBXBuildFile; fileRef = 36DE46682A418FD600A98B38 /* CustomInputView.swift */; };
		36DE466B2A41932000A98B38 /* Message.swift in Sources */ = {isa = PBXBuildFile; fileRef = 36DE466A2A41932000A98B38 /* Message.swift */; };
		36DE466D2A4193F700A98B38 /* ChatViewModel.swift in Sources */ = {isa = PBXBuildFile; fileRef = 36DE466C2A4193F700A98B38 /* ChatViewModel.swift */; };
		BFB4A3482A44747200CF4D2F /* GoogleService-Info.plist in Resources */ = {isa = PBXBuildFile; fileRef = BFB4A3472A44747200CF4D2F /* GoogleService-Info.plist */; };
		BFB4A34B2A4476E500CF4D2F /* FirebaseAuth in Frameworks */ = {isa = PBXBuildFile; productRef = BFB4A34A2A4476E500CF4D2F /* FirebaseAuth */; };
		BFB4A34D2A4476E500CF4D2F /* FirebaseFirestore in Frameworks */ = {isa = PBXBuildFile; productRef = BFB4A34C2A4476E500CF4D2F /* FirebaseFirestore */; };
		BFB4A34F2A4476E500CF4D2F /* FirebaseFunctions in Frameworks */ = {isa = PBXBuildFile; productRef = BFB4A34E2A4476E500CF4D2F /* FirebaseFunctions */; };
		BFB4A3512A4476E500CF4D2F /* FirebaseStorage in Frameworks */ = {isa = PBXBuildFile; productRef = BFB4A3502A4476E500CF4D2F /* FirebaseStorage */; };
/* End PBXBuildFile section */

/* Begin PBXFileReference section */
		361443A42A405A0700B1C67C /* ConversationsCell.swift */ = {isa = PBXFileReference; lastKnownFileType = sourcecode.swift; path = ConversationsCell.swift; sourceTree = "<group>"; };
		361443A62A405E5100B1C67C /* NewMessageView.swift */ = {isa = PBXFileReference; lastKnownFileType = sourcecode.swift; path = NewMessageView.swift; sourceTree = "<group>"; };
		361443A82A405E5C00B1C67C /* UserCell.swift */ = {isa = PBXFileReference; lastKnownFileType = sourcecode.swift; path = UserCell.swift; sourceTree = "<group>"; };
		3666391F2A39D6C2005E8EFA /* SwiftUIChatTutorial.app */ = {isa = PBXFileReference; explicitFileType = wrapper.application; includeInIndex = 0; path = SwiftUIChatTutorial.app; sourceTree = BUILT_PRODUCTS_DIR; };
		366639222A39D6C2005E8EFA /* SwiftUIChatTutorialApp.swift */ = {isa = PBXFileReference; lastKnownFileType = sourcecode.swift; path = SwiftUIChatTutorialApp.swift; sourceTree = "<group>"; };
		366639242A39D6C2005E8EFA /* ContentView.swift */ = {isa = PBXFileReference; lastKnownFileType = sourcecode.swift; path = ContentView.swift; sourceTree = "<group>"; };
		366639262A39D6C2005E8EFA /* Assets.xcassets */ = {isa = PBXFileReference; lastKnownFileType = folder.assetcatalog; path = Assets.xcassets; sourceTree = "<group>"; };
		366639292A39D6C2005E8EFA /* Preview Assets.xcassets */ = {isa = PBXFileReference; lastKnownFileType = folder.assetcatalog; path = "Preview Assets.xcassets"; sourceTree = "<group>"; };
		366639362A39D77E005E8EFA /* LoginView.swift */ = {isa = PBXFileReference; lastKnownFileType = sourcecode.swift; path = LoginView.swift; sourceTree = "<group>"; };
		366639382A39D78E005E8EFA /* RegistrationView.swift */ = {isa = PBXFileReference; lastKnownFileType = sourcecode.swift; path = RegistrationView.swift; sourceTree = "<group>"; };
		3666393A2A39E99A005E8EFA /* CustomTextField.swift */ = {isa = PBXFileReference; lastKnownFileType = sourcecode.swift; path = CustomTextField.swift; sourceTree = "<group>"; };
		367CED3F2A3AA68B00531501 /* MainTabView.swift */ = {isa = PBXFileReference; lastKnownFileType = sourcecode.swift; path = MainTabView.swift; sourceTree = "<group>"; };
		367CED442A3AA77900531501 /* ChannelsViews.swift */ = {isa = PBXFileReference; lastKnownFileType = sourcecode.swift; path = ChannelsViews.swift; sourceTree = "<group>"; };
		367CED462A3AA78400531501 /* SettingsView.swift */ = {isa = PBXFileReference; lastKnownFileType = sourcecode.swift; path = SettingsView.swift; sourceTree = "<group>"; };
		367CED482A3AA78F00531501 /* ChatsView.swift */ = {isa = PBXFileReference; lastKnownFileType = sourcecode.swift; path = ChatsView.swift; sourceTree = "<group>"; };
		367CED4B2A3ABC5700531501 /* ConversationsView.swift */ = {isa = PBXFileReference; lastKnownFileType = sourcecode.swift; path = ConversationsView.swift; sourceTree = "<group>"; };
		367CED4D2A3ACE2200531501 /* SettingsHeaderView.swift */ = {isa = PBXFileReference; lastKnownFileType = sourcecode.swift; path = SettingsHeaderView.swift; sourceTree = "<group>"; };
		367CED4F2A3AE3F200531501 /* SettingsCell.swift */ = {isa = PBXFileReference; lastKnownFileType = sourcecode.swift; path = SettingsCell.swift; sourceTree = "<group>"; };
		367CED512A3AE84A00531501 /* SettingsCellViewModel.swift */ = {isa = PBXFileReference; lastKnownFileType = sourcecode.swift; path = SettingsCellViewModel.swift; sourceTree = "<group>"; };
		367CED532A3AEE0100531501 /* EditProfileView.swift */ = {isa = PBXFileReference; lastKnownFileType = sourcecode.swift; path = EditProfileView.swift; sourceTree = "<group>"; };
		367CED552A3AF7DC00531501 /* StatusSelectorView.swift */ = {isa = PBXFileReference; lastKnownFileType = sourcecode.swift; path = StatusSelectorView.swift; sourceTree = "<group>"; };
		367CED582A3AF8B300531501 /* AddHeaderViewModifier.swift */ = {isa = PBXFileReference; lastKnownFileType = sourcecode.swift; path = AddHeaderViewModifier.swift; sourceTree = "<group>"; };
		367CED5A2A3B02EA00531501 /* UserStatus.swift */ = {isa = PBXFileReference; lastKnownFileType = sourcecode.swift; path = UserStatus.swift; sourceTree = "<group>"; };
		367CED5C2A3B091F00531501 /* TitleModifier.swift */ = {isa = PBXFileReference; lastKnownFileType = sourcecode.swift; path = TitleModifier.swift; sourceTree = "<group>"; };
		367CED5E2A3B148900531501 /* StatusCell.swift */ = {isa = PBXFileReference; lastKnownFileType = sourcecode.swift; path = StatusCell.swift; sourceTree = "<group>"; };
		367CED602A3B1ED300531501 /* ImagePicker.swift */ = {isa = PBXFileReference; lastKnownFileType = sourcecode.swift; path = ImagePicker.swift; sourceTree = "<group>"; };
		36DE465E2A417E4E00A98B38 /* SearchBar.swift */ = {isa = PBXFileReference; lastKnownFileType = sourcecode.swift; path = SearchBar.swift; sourceTree = "<group>"; };
		36DE46622A41842E00A98B38 /* Extensions.swift */ = {isa = PBXFileReference; lastKnownFileType = sourcecode.swift; path = Extensions.swift; sourceTree = "<group>"; };
		36DE46642A41852D00A98B38 /* ChatBubble.swift */ = {isa = PBXFileReference; lastKnownFileType = sourcecode.swift; path = ChatBubble.swift; sourceTree = "<group>"; };
		36DE46662A4188BE00A98B38 /* MessageView.swift */ = {isa = PBXFileReference; lastKnownFileType = sourcecode.swift; path = MessageView.swift; sourceTree = "<group>"; };
		36DE46682A418FD600A98B38 /* CustomInputView.swift */ = {isa = PBXFileReference; lastKnownFileType = sourcecode.swift; path = CustomInputView.swift; sourceTree = "<group>"; };
		36DE466A2A41932000A98B38 /* Message.swift */ = {isa = PBXFileReference; lastKnownFileType = sourcecode.swift; path = Message.swift; sourceTree = "<group>"; };
		36DE466C2A4193F700A98B38 /* ChatViewModel.swift */ = {isa = PBXFileReference; lastKnownFileType = sourcecode.swift; path = ChatViewModel.swift; sourceTree = "<group>"; };
		BFB4A3472A44747200CF4D2F /* GoogleService-Info.plist */ = {isa = PBXFileReference; fileEncoding = 4; lastKnownFileType = text.plist.xml; path = "GoogleService-Info.plist"; sourceTree = "<group>"; };
/* End PBXFileReference section */

/* Begin PBXFrameworksBuildPhase section */
		3666391C2A39D6C2005E8EFA /* Frameworks */ = {
			isa = PBXFrameworksBuildPhase;
			buildActionMask = 2147483647;
			files = (
				BFB4A34F2A4476E500CF4D2F /* FirebaseFunctions in Frameworks */,
				BFB4A3512A4476E500CF4D2F /* FirebaseStorage in Frameworks */,
				BFB4A34B2A4476E500CF4D2F /* FirebaseAuth in Frameworks */,
				BFB4A34D2A4476E500CF4D2F /* FirebaseFirestore in Frameworks */,
			);
			runOnlyForDeploymentPostprocessing = 0;
		};
/* End PBXFrameworksBuildPhase section */

/* Begin PBXGroup section */
		366639162A39D6C2005E8EFA = {
			isa = PBXGroup;
			children = (
				366639212A39D6C2005E8EFA /* SwiftUIChatTutorial */,
				366639202A39D6C2005E8EFA /* Products */,
			);
			sourceTree = "<group>";
		};
		366639202A39D6C2005E8EFA /* Products */ = {
			isa = PBXGroup;
			children = (
				3666391F2A39D6C2005E8EFA /* SwiftUIChatTutorial.app */,
			);
			name = Products;
			sourceTree = "<group>";
		};
		366639212A39D6C2005E8EFA /* SwiftUIChatTutorial */ = {
			isa = PBXGroup;
			children = (
				BFB4A3472A44747200CF4D2F /* GoogleService-Info.plist */,
				367CED572A3AF89600531501 /* ViewModifier */,
				366639342A39D702005E8EFA /* Model */,
				366639332A39D700005E8EFA /* View */,
				366639322A39D6FF005E8EFA /* ViewModel */,
				366639312A39D6FA005E8EFA /* API */,
				366639302A39D6EF005E8EFA /* Utils */,
				366639222A39D6C2005E8EFA /* SwiftUIChatTutorialApp.swift */,
				366639242A39D6C2005E8EFA /* ContentView.swift */,
				366639262A39D6C2005E8EFA /* Assets.xcassets */,
				366639282A39D6C2005E8EFA /* Preview Content */,
			);
			path = SwiftUIChatTutorial;
			sourceTree = "<group>";
		};
		366639282A39D6C2005E8EFA /* Preview Content */ = {
			isa = PBXGroup;
			children = (
				366639292A39D6C2005E8EFA /* Preview Assets.xcassets */,
			);
			path = "Preview Content";
			sourceTree = "<group>";
		};
		366639302A39D6EF005E8EFA /* Utils */ = {
			isa = PBXGroup;
			children = (
				3666393A2A39E99A005E8EFA /* CustomTextField.swift */,
				367CED602A3B1ED300531501 /* ImagePicker.swift */,
				36DE465E2A417E4E00A98B38 /* SearchBar.swift */,
				36DE46622A41842E00A98B38 /* Extensions.swift */,
			);
			path = Utils;
			sourceTree = "<group>";
		};
		366639312A39D6FA005E8EFA /* API */ = {
			isa = PBXGroup;
			children = (
			);
			path = API;
			sourceTree = "<group>";
		};
		366639322A39D6FF005E8EFA /* ViewModel */ = {
			isa = PBXGroup;
			children = (
				367CED512A3AE84A00531501 /* SettingsCellViewModel.swift */,
				367CED5A2A3B02EA00531501 /* UserStatus.swift */,
				36DE466C2A4193F700A98B38 /* ChatViewModel.swift */,
			);
			path = ViewModel;
			sourceTree = "<group>";
		};
		366639332A39D700005E8EFA /* View */ = {
			isa = PBXGroup;
			children = (
				367CED4A2A3ABC4400531501 /* Conversations */,
				367CED432A3AA76200531501 /* Channels */,
				367CED422A3AA75900531501 /* Settings */,
				367CED412A3AA74500531501 /* Chats */,
				367CED3E2A3AA68000531501 /* Main */,
				366639352A39D761005E8EFA /* Authentication */,
			);
			path = View;
			sourceTree = "<group>";
		};
		366639342A39D702005E8EFA /* Model */ = {
			isa = PBXGroup;
			children = (
				36DE466A2A41932000A98B38 /* Message.swift */,
			);
			path = Model;
			sourceTree = "<group>";
		};
		366639352A39D761005E8EFA /* Authentication */ = {
			isa = PBXGroup;
			children = (
				366639362A39D77E005E8EFA /* LoginView.swift */,
				366639382A39D78E005E8EFA /* RegistrationView.swift */,
			);
			path = Authentication;
			sourceTree = "<group>";
		};
		367CED3E2A3AA68000531501 /* Main */ = {
			isa = PBXGroup;
			children = (
				367CED3F2A3AA68B00531501 /* MainTabView.swift */,
			);
			path = Main;
			sourceTree = "<group>";
		};
		367CED412A3AA74500531501 /* Chats */ = {
			isa = PBXGroup;
			children = (
				367CED482A3AA78F00531501 /* ChatsView.swift */,
				36DE46642A41852D00A98B38 /* ChatBubble.swift */,
				36DE46662A4188BE00A98B38 /* MessageView.swift */,
				36DE46682A418FD600A98B38 /* CustomInputView.swift */,
			);
			path = Chats;
			sourceTree = "<group>";
		};
		367CED422A3AA75900531501 /* Settings */ = {
			isa = PBXGroup;
			children = (
				367CED462A3AA78400531501 /* SettingsView.swift */,
				367CED4D2A3ACE2200531501 /* SettingsHeaderView.swift */,
				367CED4F2A3AE3F200531501 /* SettingsCell.swift */,
				367CED532A3AEE0100531501 /* EditProfileView.swift */,
				367CED552A3AF7DC00531501 /* StatusSelectorView.swift */,
				367CED5E2A3B148900531501 /* StatusCell.swift */,
			);
			path = Settings;
			sourceTree = "<group>";
		};
		367CED432A3AA76200531501 /* Channels */ = {
			isa = PBXGroup;
			children = (
				367CED442A3AA77900531501 /* ChannelsViews.swift */,
			);
			path = Channels;
			sourceTree = "<group>";
		};
		367CED4A2A3ABC4400531501 /* Conversations */ = {
			isa = PBXGroup;
			children = (
				367CED4B2A3ABC5700531501 /* ConversationsView.swift */,
				361443A42A405A0700B1C67C /* ConversationsCell.swift */,
				361443A62A405E5100B1C67C /* NewMessageView.swift */,
				361443A82A405E5C00B1C67C /* UserCell.swift */,
			);
			path = Conversations;
			sourceTree = "<group>";
		};
		367CED572A3AF89600531501 /* ViewModifier */ = {
			isa = PBXGroup;
			children = (
				367CED582A3AF8B300531501 /* AddHeaderViewModifier.swift */,
				367CED5C2A3B091F00531501 /* TitleModifier.swift */,
			);
			path = ViewModifier;
			sourceTree = "<group>";
		};
/* End PBXGroup section */

/* Begin PBXNativeTarget section */
		3666391E2A39D6C2005E8EFA /* SwiftUIChatTutorial */ = {
			isa = PBXNativeTarget;
			buildConfigurationList = 3666392D2A39D6C2005E8EFA /* Build configuration list for PBXNativeTarget "SwiftUIChatTutorial" */;
			buildPhases = (
				3666391B2A39D6C2005E8EFA /* Sources */,
				3666391C2A39D6C2005E8EFA /* Frameworks */,
				3666391D2A39D6C2005E8EFA /* Resources */,
			);
			buildRules = (
			);
			dependencies = (
			);
			name = SwiftUIChatTutorial;
			packageProductDependencies = (
				BFB4A34A2A4476E500CF4D2F /* FirebaseAuth */,
				BFB4A34C2A4476E500CF4D2F /* FirebaseFirestore */,
				BFB4A34E2A4476E500CF4D2F /* FirebaseFunctions */,
				BFB4A3502A4476E500CF4D2F /* FirebaseStorage */,
			);
			productName = SwiftUIChatTutorial;
			productReference = 3666391F2A39D6C2005E8EFA /* SwiftUIChatTutorial.app */;
			productType = "com.apple.product-type.application";
		};
/* End PBXNativeTarget section */

/* Begin PBXProject section */
		366639172A39D6C2005E8EFA /* Project object */ = {
			isa = PBXProject;
			attributes = {
				BuildIndependentTargetsInParallel = 1;
				LastSwiftUpdateCheck = 1430;
				LastUpgradeCheck = 1430;
				TargetAttributes = {
					3666391E2A39D6C2005E8EFA = {
						CreatedOnToolsVersion = 14.3.1;
					};
				};
			};
			buildConfigurationList = 3666391A2A39D6C2005E8EFA /* Build configuration list for PBXProject "SwiftUIChatTutorial" */;
			compatibilityVersion = "Xcode 14.0";
			developmentRegion = en;
			hasScannedForEncodings = 0;
			knownRegions = (
				en,
				Base,
			);
			mainGroup = 366639162A39D6C2005E8EFA;
			packageReferences = (
				BFB4A3492A4476E500CF4D2F /* XCRemoteSwiftPackageReference "firebase-ios-sdk" */,
			);
			productRefGroup = 366639202A39D6C2005E8EFA /* Products */;
			projectDirPath = "";
			projectRoot = "";
			targets = (
				3666391E2A39D6C2005E8EFA /* SwiftUIChatTutorial */,
			);
		};
/* End PBXProject section */

/* Begin PBXResourcesBuildPhase section */
		3666391D2A39D6C2005E8EFA /* Resources */ = {
			isa = PBXResourcesBuildPhase;
			buildActionMask = 2147483647;
			files = (
				3666392A2A39D6C2005E8EFA /* Preview Assets.xcassets in Resources */,
				366639272A39D6C2005E8EFA /* Assets.xcassets in Resources */,
				BFB4A3482A44747200CF4D2F /* GoogleService-Info.plist in Resources */,
			);
			runOnlyForDeploymentPostprocessing = 0;
		};
/* End PBXResourcesBuildPhase section */

/* Begin PBXSourcesBuildPhase section */
		3666391B2A39D6C2005E8EFA /* Sources */ = {
			isa = PBXSourcesBuildPhase;
			buildActionMask = 2147483647;
			files = (
				367CED5B2A3B02EA00531501 /* UserStatus.swift in Sources */,
				36DE46652A41852D00A98B38 /* ChatBubble.swift in Sources */,
				367CED542A3AEE0100531501 /* EditProfileView.swift in Sources */,
				367CED562A3AF7DC00531501 /* StatusSelectorView.swift in Sources */,
				36DE466B2A41932000A98B38 /* Message.swift in Sources */,
				367CED5D2A3B091F00531501 /* TitleModifier.swift in Sources */,
				367CED592A3AF8B300531501 /* AddHeaderViewModifier.swift in Sources */,
				36DE46692A418FD600A98B38 /* CustomInputView.swift in Sources */,
				36DE465F2A417E4E00A98B38 /* SearchBar.swift in Sources */,
				366639372A39D77E005E8EFA /* LoginView.swift in Sources */,
				367CED472A3AA78400531501 /* SettingsView.swift in Sources */,
				367CED522A3AE84A00531501 /* SettingsCellViewModel.swift in Sources */,
				367CED502A3AE3F200531501 /* SettingsCell.swift in Sources */,
				366639252A39D6C2005E8EFA /* ContentView.swift in Sources */,
				367CED4E2A3ACE2200531501 /* SettingsHeaderView.swift in Sources */,
				361443A92A405E5C00B1C67C /* UserCell.swift in Sources */,
				367CED4C2A3ABC5700531501 /* ConversationsView.swift in Sources */,
				366639232A39D6C2005E8EFA /* SwiftUIChatTutorialApp.swift in Sources */,
				367CED5F2A3B148900531501 /* StatusCell.swift in Sources */,
				366639392A39D78E005E8EFA /* RegistrationView.swift in Sources */,
				3666393B2A39E99A005E8EFA /* CustomTextField.swift in Sources */,
				367CED492A3AA78F00531501 /* ChatsView.swift in Sources */,
				367CED612A3B1ED300531501 /* ImagePicker.swift in Sources */,
				36DE46672A4188BE00A98B38 /* MessageView.swift in Sources */,
				36DE46632A41842E00A98B38 /* Extensions.swift in Sources */,
				367CED402A3AA68B00531501 /* MainTabView.swift in Sources */,
				361443A72A405E5100B1C67C /* NewMessageView.swift in Sources */,
				367CED452A3AA77900531501 /* ChannelsViews.swift in Sources */,
				36DE466D2A4193F700A98B38 /* ChatViewModel.swift in Sources */,
				361443A52A405A0700B1C67C /* ConversationsCell.swift in Sources */,
			);
			runOnlyForDeploymentPostprocessing = 0;
		};
/* End PBXSourcesBuildPhase section */

/* Begin XCBuildConfiguration section */
		3666392B2A39D6C2005E8EFA /* Debug */ = {
			isa = XCBuildConfiguration;
			buildSettings = {
				ALWAYS_SEARCH_USER_PATHS = NO;
				CLANG_ANALYZER_NONNULL = YES;
				CLANG_ANALYZER_NUMBER_OBJECT_CONVERSION = YES_AGGRESSIVE;
				CLANG_CXX_LANGUAGE_STANDARD = "gnu++20";
				CLANG_ENABLE_MODULES = YES;
				CLANG_ENABLE_OBJC_ARC = YES;
				CLANG_ENABLE_OBJC_WEAK = YES;
				CLANG_WARN_BLOCK_CAPTURE_AUTORELEASING = YES;
				CLANG_WARN_BOOL_CONVERSION = YES;
				CLANG_WARN_COMMA = YES;
				CLANG_WARN_CONSTANT_CONVERSION = YES;
				CLANG_WARN_DEPRECATED_OBJC_IMPLEMENTATIONS = YES;
				CLANG_WARN_DIRECT_OBJC_ISA_USAGE = YES_ERROR;
				CLANG_WARN_DOCUMENTATION_COMMENTS = YES;
				CLANG_WARN_EMPTY_BODY = YES;
				CLANG_WARN_ENUM_CONVERSION = YES;
				CLANG_WARN_INFINITE_RECURSION = YES;
				CLANG_WARN_INT_CONVERSION = YES;
				CLANG_WARN_NON_LITERAL_NULL_CONVERSION = YES;
				CLANG_WARN_OBJC_IMPLICIT_RETAIN_SELF = YES;
				CLANG_WARN_OBJC_LITERAL_CONVERSION = YES;
				CLANG_WARN_OBJC_ROOT_CLASS = YES_ERROR;
				CLANG_WARN_QUOTED_INCLUDE_IN_FRAMEWORK_HEADER = YES;
				CLANG_WARN_RANGE_LOOP_ANALYSIS = YES;
				CLANG_WARN_STRICT_PROTOTYPES = YES;
				CLANG_WARN_SUSPICIOUS_MOVE = YES;
				CLANG_WARN_UNGUARDED_AVAILABILITY = YES_AGGRESSIVE;
				CLANG_WARN_UNREACHABLE_CODE = YES;
				CLANG_WARN__DUPLICATE_METHOD_MATCH = YES;
				COPY_PHASE_STRIP = NO;
				DEBUG_INFORMATION_FORMAT = dwarf;
				ENABLE_STRICT_OBJC_MSGSEND = YES;
				ENABLE_TESTABILITY = YES;
				GCC_C_LANGUAGE_STANDARD = gnu11;
				GCC_DYNAMIC_NO_PIC = NO;
				GCC_NO_COMMON_BLOCKS = YES;
				GCC_OPTIMIZATION_LEVEL = 0;
				GCC_PREPROCESSOR_DEFINITIONS = (
					"DEBUG=1",
					"$(inherited)",
				);
				GCC_WARN_64_TO_32_BIT_CONVERSION = YES;
				GCC_WARN_ABOUT_RETURN_TYPE = YES_ERROR;
				GCC_WARN_UNDECLARED_SELECTOR = YES;
				GCC_WARN_UNINITIALIZED_AUTOS = YES_AGGRESSIVE;
				GCC_WARN_UNUSED_FUNCTION = YES;
				GCC_WARN_UNUSED_VARIABLE = YES;
				IPHONEOS_DEPLOYMENT_TARGET = 16.4;
				MTL_ENABLE_DEBUG_INFO = INCLUDE_SOURCE;
				MTL_FAST_MATH = YES;
				ONLY_ACTIVE_ARCH = YES;
				SDKROOT = iphoneos;
				SWIFT_ACTIVE_COMPILATION_CONDITIONS = DEBUG;
				SWIFT_OPTIMIZATION_LEVEL = "-Onone";
			};
			name = Debug;
		};
		3666392C2A39D6C2005E8EFA /* Release */ = {
			isa = XCBuildConfiguration;
			buildSettings = {
				ALWAYS_SEARCH_USER_PATHS = NO;
				CLANG_ANALYZER_NONNULL = YES;
				CLANG_ANALYZER_NUMBER_OBJECT_CONVERSION = YES_AGGRESSIVE;
				CLANG_CXX_LANGUAGE_STANDARD = "gnu++20";
				CLANG_ENABLE_MODULES = YES;
				CLANG_ENABLE_OBJC_ARC = YES;
				CLANG_ENABLE_OBJC_WEAK = YES;
				CLANG_WARN_BLOCK_CAPTURE_AUTORELEASING = YES;
				CLANG_WARN_BOOL_CONVERSION = YES;
				CLANG_WARN_COMMA = YES;
				CLANG_WARN_CONSTANT_CONVERSION = YES;
				CLANG_WARN_DEPRECATED_OBJC_IMPLEMENTATIONS = YES;
				CLANG_WARN_DIRECT_OBJC_ISA_USAGE = YES_ERROR;
				CLANG_WARN_DOCUMENTATION_COMMENTS = YES;
				CLANG_WARN_EMPTY_BODY = YES;
				CLANG_WARN_ENUM_CONVERSION = YES;
				CLANG_WARN_INFINITE_RECURSION = YES;
				CLANG_WARN_INT_CONVERSION = YES;
				CLANG_WARN_NON_LITERAL_NULL_CONVERSION = YES;
				CLANG_WARN_OBJC_IMPLICIT_RETAIN_SELF = YES;
				CLANG_WARN_OBJC_LITERAL_CONVERSION = YES;
				CLANG_WARN_OBJC_ROOT_CLASS = YES_ERROR;
				CLANG_WARN_QUOTED_INCLUDE_IN_FRAMEWORK_HEADER = YES;
				CLANG_WARN_RANGE_LOOP_ANALYSIS = YES;
				CLANG_WARN_STRICT_PROTOTYPES = YES;
				CLANG_WARN_SUSPICIOUS_MOVE = YES;
				CLANG_WARN_UNGUARDED_AVAILABILITY = YES_AGGRESSIVE;
				CLANG_WARN_UNREACHABLE_CODE = YES;
				CLANG_WARN__DUPLICATE_METHOD_MATCH = YES;
				COPY_PHASE_STRIP = NO;
				DEBUG_INFORMATION_FORMAT = "dwarf-with-dsym";
				ENABLE_NS_ASSERTIONS = NO;
				ENABLE_STRICT_OBJC_MSGSEND = YES;
				GCC_C_LANGUAGE_STANDARD = gnu11;
				GCC_NO_COMMON_BLOCKS = YES;
				GCC_WARN_64_TO_32_BIT_CONVERSION = YES;
				GCC_WARN_ABOUT_RETURN_TYPE = YES_ERROR;
				GCC_WARN_UNDECLARED_SELECTOR = YES;
				GCC_WARN_UNINITIALIZED_AUTOS = YES_AGGRESSIVE;
				GCC_WARN_UNUSED_FUNCTION = YES;
				GCC_WARN_UNUSED_VARIABLE = YES;
				IPHONEOS_DEPLOYMENT_TARGET = 16.4;
				MTL_ENABLE_DEBUG_INFO = NO;
				MTL_FAST_MATH = YES;
				SDKROOT = iphoneos;
				SWIFT_COMPILATION_MODE = wholemodule;
				SWIFT_OPTIMIZATION_LEVEL = "-O";
				VALIDATE_PRODUCT = YES;
			};
			name = Release;
		};
		3666392E2A39D6C2005E8EFA /* Debug */ = {
			isa = XCBuildConfiguration;
			buildSettings = {
				ASSETCATALOG_COMPILER_APPICON_NAME = AppIcon;
				ASSETCATALOG_COMPILER_GLOBAL_ACCENT_COLOR_NAME = AccentColor;
				CODE_SIGN_STYLE = Automatic;
				CURRENT_PROJECT_VERSION = 1;
				DEVELOPMENT_ASSET_PATHS = "\"SwiftUIChatTutorial/Preview Content\"";
				DEVELOPMENT_TEAM = QQ74U7T9T3;
				ENABLE_PREVIEWS = YES;
				GENERATE_INFOPLIST_FILE = YES;
				INFOPLIST_KEY_UIApplicationSceneManifest_Generation = YES;
				INFOPLIST_KEY_UIApplicationSupportsIndirectInputEvents = YES;
				INFOPLIST_KEY_UILaunchScreen_Generation = YES;
				INFOPLIST_KEY_UISupportedInterfaceOrientations_iPad = "UIInterfaceOrientationPortrait UIInterfaceOrientationPortraitUpsideDown UIInterfaceOrientationLandscapeLeft UIInterfaceOrientationLandscapeRight";
				INFOPLIST_KEY_UISupportedInterfaceOrientations_iPhone = "UIInterfaceOrientationPortrait UIInterfaceOrientationLandscapeLeft UIInterfaceOrientationLandscapeRight";
				LD_RUNPATH_SEARCH_PATHS = (
					"$(inherited)",
					"@executable_path/Frameworks",
				);
				MARKETING_VERSION = 1.0;
				PRODUCT_BUNDLE_IDENTIFIER = com.huyhdq.SwiftUIChatTutorial;
				PRODUCT_NAME = "$(TARGET_NAME)";
				SWIFT_EMIT_LOC_STRINGS = YES;
				SWIFT_VERSION = 5.0;
				TARGETED_DEVICE_FAMILY = "1,2";
			};
			name = Debug;
		};
		3666392F2A39D6C2005E8EFA /* Release */ = {
			isa = XCBuildConfiguration;
			buildSettings = {
				ASSETCATALOG_COMPILER_APPICON_NAME = AppIcon;
				ASSETCATALOG_COMPILER_GLOBAL_ACCENT_COLOR_NAME = AccentColor;
				CODE_SIGN_STYLE = Automatic;
				CURRENT_PROJECT_VERSION = 1;
				DEVELOPMENT_ASSET_PATHS = "\"SwiftUIChatTutorial/Preview Content\"";
				DEVELOPMENT_TEAM = QQ74U7T9T3;
				ENABLE_PREVIEWS = YES;
				GENERATE_INFOPLIST_FILE = YES;
				INFOPLIST_KEY_UIApplicationSceneManifest_Generation = YES;
				INFOPLIST_KEY_UIApplicationSupportsIndirectInputEvents = YES;
				INFOPLIST_KEY_UILaunchScreen_Generation = YES;
				INFOPLIST_KEY_UISupportedInterfaceOrientations_iPad = "UIInterfaceOrientationPortrait UIInterfaceOrientationPortraitUpsideDown UIInterfaceOrientationLandscapeLeft UIInterfaceOrientationLandscapeRight";
				INFOPLIST_KEY_UISupportedInterfaceOrientations_iPhone = "UIInterfaceOrientationPortrait UIInterfaceOrientationLandscapeLeft UIInterfaceOrientationLandscapeRight";
				LD_RUNPATH_SEARCH_PATHS = (
					"$(inherited)",
					"@executable_path/Frameworks",
				);
				MARKETING_VERSION = 1.0;
				PRODUCT_BUNDLE_IDENTIFIER = com.huyhdq.SwiftUIChatTutorial;
				PRODUCT_NAME = "$(TARGET_NAME)";
				SWIFT_EMIT_LOC_STRINGS = YES;
				SWIFT_VERSION = 5.0;
				TARGETED_DEVICE_FAMILY = "1,2";
			};
			name = Release;
		};
/* End XCBuildConfiguration section */

/* Begin XCConfigurationList section */
		3666391A2A39D6C2005E8EFA /* Build configuration list for PBXProject "SwiftUIChatTutorial" */ = {
			isa = XCConfigurationList;
			buildConfigurations = (
				3666392B2A39D6C2005E8EFA /* Debug */,
				3666392C2A39D6C2005E8EFA /* Release */,
			);
			defaultConfigurationIsVisible = 0;
			defaultConfigurationName = Release;
		};
		3666392D2A39D6C2005E8EFA /* Build configuration list for PBXNativeTarget "SwiftUIChatTutorial" */ = {
			isa = XCConfigurationList;
			buildConfigurations = (
				3666392E2A39D6C2005E8EFA /* Debug */,
				3666392F2A39D6C2005E8EFA /* Release */,
			);
			defaultConfigurationIsVisible = 0;
			defaultConfigurationName = Release;
		};
/* End XCConfigurationList section */

/* Begin XCRemoteSwiftPackageReference section */
		BFB4A3492A4476E500CF4D2F /* XCRemoteSwiftPackageReference "firebase-ios-sdk" */ = {
			isa = XCRemoteSwiftPackageReference;
			repositoryURL = "https://github.com/firebase/firebase-ios-sdk.git";
			requirement = {
				kind = upToNextMajorVersion;
				minimumVersion = 10.0.0;
			};
		};
/* End XCRemoteSwiftPackageReference section */

/* Begin XCSwiftPackageProductDependency section */
		BFB4A34A2A4476E500CF4D2F /* FirebaseAuth */ = {
			isa = XCSwiftPackageProductDependency;
			package = BFB4A3492A4476E500CF4D2F /* XCRemoteSwiftPackageReference "firebase-ios-sdk" */;
			productName = FirebaseAuth;
		};
		BFB4A34C2A4476E500CF4D2F /* FirebaseFirestore */ = {
			isa = XCSwiftPackageProductDependency;
			package = BFB4A3492A4476E500CF4D2F /* XCRemoteSwiftPackageReference "firebase-ios-sdk" */;
			productName = FirebaseFirestore;
		};
		BFB4A34E2A4476E500CF4D2F /* FirebaseFunctions */ = {
			isa = XCSwiftPackageProductDependency;
			package = BFB4A3492A4476E500CF4D2F /* XCRemoteSwiftPackageReference "firebase-ios-sdk" */;
			productName = FirebaseFunctions;
		};
		BFB4A3502A4476E500CF4D2F /* FirebaseStorage */ = {
			isa = XCSwiftPackageProductDependency;
			package = BFB4A3492A4476E500CF4D2F /* XCRemoteSwiftPackageReference "firebase-ios-sdk" */;
			productName = FirebaseStorage;
		};
/* End XCSwiftPackageProductDependency section */
	};
	rootObject = 366639172A39D6C2005E8EFA /* Project object */;
}
